// !$*UTF8*$!
{
	archiveVersion = 1;
	classes = {
	};
	objectVersion = 56;
	objects = {

/* Begin PBXBuildFile section */
		F20000000000000000000001 /* HaniVocaApp.swift in Sources */ = {isa = PBXBuildFile; fileRef = F10000000000000000000001 /* HaniVocaApp.swift */; };
		F20000000000000000000002 /* ContentView.swift in Sources */ = {isa = PBXBuildFile; fileRef = F10000000000000000000002 /* ContentView.swift */; };
		F20000000000000000000003 /* MainTabView.swift in Sources */ = {isa = PBXBuildFile; fileRef = F10000000000000000000003 /* MainTabView.swift */; };
		F20000000000000000000004 /* SidebarView.swift in Sources */ = {isa = PBXBuildFile; fileRef = F10000000000000000000004 /* SidebarView.swift */; };
		F20000000000000000000005 /* TopicListView.swift in Sources */ = {isa = PBXBuildFile; fileRef = F10000000000000000000005 /* TopicListView.swift */; };
		F20000000000000000000006 /* WordListView.swift in Sources */ = {isa = PBXBuildFile; fileRef = F10000000000000000000006 /* WordListView.swift */; };
		F20000000000000000000007 /* WordDetailView.swift in Sources */ = {isa = PBXBuildFile; fileRef = F10000000000000000000007 /* WordDetailView.swift */; };
		F20000000000000000000008 /* CustomWordsView.swift in Sources */ = {isa = PBXBuildFile; fileRef = F10000000000000000000008 /* CustomWordsView.swift */; };
		F20000000000000000000009 /* PhrasesView.swift in Sources */ = {isa = PBXBuildFile; fileRef = F10000000000000000000009 /* PhrasesView.swift */; };
		F2000000000000000000000A /* FlashcardView.swift in Sources */ = {isa = PBXBuildFile; fileRef = F1000000000000000000000A /* FlashcardView.swift */; };
		F2000000000000000000000B /* StatisticsView.swift in Sources */ = {isa = PBXBuildFile; fileRef = F1000000000000000000000B /* StatisticsView.swift */; };
		F2000000000000000000000C /* TestView.swift in Sources */ = {isa = PBXBuildFile; fileRef = F1000000000000000000000C /* TestView.swift */; };
		F2000000000000000000000D /* DictionaryView.swift in Sources */ = {isa = PBXBuildFile; fileRef = F1000000000000000000000D /* DictionaryView.swift */; };
		F2000000000000000000000E /* ReadingListView.swift in Sources */ = {isa = PBXBuildFile; fileRef = F1000000000000000000000E /* ReadingListView.swift */; };
		F2000000000000000000000F /* ReadingDetailView.swift in Sources */ = {isa = PBXBuildFile; fileRef = F1000000000000000000000F /* ReadingDetailView.swift */; };
		F20000000000000000000010 /* ReadingQuizView.swift in Sources */ = {isa = PBXBuildFile; fileRef = F10000000000000000000010 /* ReadingQuizView.swift */; };
		F20000000000000000000011 /* Word.swift in Sources */ = {isa = PBXBuildFile; fileRef = F10000000000000000000011 /* Word.swift */; };
		F20000000000000000000012 /* Phrase.swift in Sources */ = {isa = PBXBuildFile; fileRef = F10000000000000000000012 /* Phrase.swift */; };
		F20000000000000000000013 /* VocabularyStore.swift in Sources */ = {isa = PBXBuildFile; fileRef = F10000000000000000000013 /* VocabularyStore.swift */; };
		F20000000000000000000014 /* SwiftDataModels.swift in Sources */ = {isa = PBXBuildFile; fileRef = F10000000000000000000014 /* SwiftDataModels.swift */; };
		F20000000000000000000015 /* ReadingModel.swift in Sources */ = {isa = PBXBuildFile; fileRef = F10000000000000000000015 /* ReadingModel.swift */; };
		F20000000000000000000016 /* SpeechSynthesizer.swift in Sources */ = {isa = PBXBuildFile; fileRef = F10000000000000000000016 /* SpeechSynthesizer.swift */; };
		F20000000000000000000017 /* DictionaryLookupService.swift in Sources */ = {isa = PBXBuildFile; fileRef = F10000000000000000000017 /* DictionaryLookupService.swift */; };
		F20000000000000000000018 /* DictionaryDatabase.swift in Sources */ = {isa = PBXBuildFile; fileRef = F10000000000000000000018 /* DictionaryDatabase.swift */; };
		F20000000000000000000019 /* Color+Extensions.swift in Sources */ = {isa = PBXBuildFile; fileRef = F10000000000000000000019 /* Color+Extensions.swift */; };
		F2000000000000000000001A /* DatabaseSeedingService.swift in Sources */ = {isa = PBXBuildFile; fileRef = F1000000000000000000001A /* DatabaseSeedingService.swift */; };
		F2000000000000000000001B /* SM2SpacedRepetition.swift in Sources */ = {isa = PBXBuildFile; fileRef = F1000000000000000000001B /* SM2SpacedRepetition.swift */; };
		F2000000000000000000001C /* DocumentTransferHelper.swift in Sources */ = {isa = PBXBuildFile; fileRef = F1000000000000000000001C /* DocumentTransferHelper.swift */; };
		F2000000000000000000001D /* SpeechRecognizerManager.swift in Sources */ = {isa = PBXBuildFile; fileRef = F1000000000000000000001D /* SpeechRecognizerManager.swift */; };
		R20000000000000000000001 /* words.json in Resources */ = {isa = PBXBuildFile; fileRef = R10000000000000000000001 /* words.json */; };
		R20000000000000000000002 /* phrases.json in Resources */ = {isa = PBXBuildFile; fileRef = R10000000000000000000002 /* phrases.json */; };
		R20000000000000000000003 /* tudien.db in Resources */ = {isa = PBXBuildFile; fileRef = R10000000000000000000003 /* tudien.db */; };
		R20000000000000000000004 /* readings.json in Resources */ = {isa = PBXBuildFile; fileRef = R10000000000000000000004 /* readings.json */; };
		R20000000000000000000005 /* Assets.xcassets in Resources */ = {isa = PBXBuildFile; fileRef = R10000000000000000000005 /* Assets.xcassets */; };
/* End PBXBuildFile section */

/* Begin PBXFileReference section */
		P10000000000000000000001 /* HaniVoca.app */ = {isa = PBXFileReference; explicitFileType = wrapper.application; includeInIndex = 0; path = HaniVoca.app; sourceTree = BUILT_PRODUCTS_DIR; };
		F10000000000000000000001 /* HaniVocaApp.swift */ = {isa = PBXFileReference; lastKnownFileType = sourcecode.swift; path = "HaniVocaApp.swift"; sourceTree = "<group>"; };
		F10000000000000000000002 /* ContentView.swift */ = {isa = PBXFileReference; lastKnownFileType = sourcecode.swift; path = "Views/ContentView.swift"; sourceTree = "<group>"; };
		F10000000000000000000003 /* MainTabView.swift */ = {isa = PBXFileReference; lastKnownFileType = sourcecode.swift; path = "Views/MainTabView.swift"; sourceTree = "<group>"; };
		F10000000000000000000004 /* SidebarView.swift */ = {isa = PBXFileReference; lastKnownFileType = sourcecode.swift; path = "Views/SidebarView.swift"; sourceTree = "<group>"; };
		F10000000000000000000005 /* TopicListView.swift */ = {isa = PBXFileReference; lastKnownFileType = sourcecode.swift; path = "Views/TopicListView.swift"; sourceTree = "<group>"; };
		F10000000000000000000006 /* WordListView.swift */ = {isa = PBXFileReference; lastKnownFileType = sourcecode.swift; path = "Views/WordListView.swift"; sourceTree = "<group>"; };
		F10000000000000000000007 /* WordDetailView.swift */ = {isa = PBXFileReference; lastKnownFileType = sourcecode.swift; path = "Views/WordDetailView.swift"; sourceTree = "<group>"; };
		F10000000000000000000008 /* CustomWordsView.swift */ = {isa = PBXFileReference; lastKnownFileType = sourcecode.swift; path = "Views/CustomWordsView.swift"; sourceTree = "<group>"; };
		F10000000000000000000009 /* PhrasesView.swift */ = {isa = PBXFileReference; lastKnownFileType = sourcecode.swift; path = "Views/PhrasesView.swift"; sourceTree = "<group>"; };
		F1000000000000000000000A /* FlashcardView.swift */ = {isa = PBXFileReference; lastKnownFileType = sourcecode.swift; path = "Views/FlashcardView.swift"; sourceTree = "<group>"; };
		F1000000000000000000000B /* StatisticsView.swift */ = {isa = PBXFileReference; lastKnownFileType = sourcecode.swift; path = "Views/StatisticsView.swift"; sourceTree = "<group>"; };
		F1000000000000000000000C /* TestView.swift */ = {isa = PBXFileReference; lastKnownFileType = sourcecode.swift; path = "Views/TestView.swift"; sourceTree = "<group>"; };
		F1000000000000000000000D /* DictionaryView.swift */ = {isa = PBXFileReference; lastKnownFileType = sourcecode.swift; path = "Views/DictionaryView.swift"; sourceTree = "<group>"; };
		F1000000000000000000000E /* ReadingListView.swift */ = {isa = PBXFileReference; lastKnownFileType = sourcecode.swift; path = "Views/ReadingListView.swift"; sourceTree = "<group>"; };
		F1000000000000000000000F /* ReadingDetailView.swift */ = {isa = PBXFileReference; lastKnownFileType = sourcecode.swift; path = "Views/ReadingDetailView.swift"; sourceTree = "<group>"; };
		F10000000000000000000010 /* ReadingQuizView.swift */ = {isa = PBXFileReference; lastKnownFileType = sourcecode.swift; path = "Views/ReadingQuizView.swift"; sourceTree = "<group>"; };
		F10000000000000000000011 /* Word.swift */ = {isa = PBXFileReference; lastKnownFileType = sourcecode.swift; path = "Models/Word.swift"; sourceTree = "<group>"; };
		F10000000000000000000012 /* Phrase.swift */ = {isa = PBXFileReference; lastKnownFileType = sourcecode.swift; path = "Models/Phrase.swift"; sourceTree = "<group>"; };
		F10000000000000000000013 /* VocabularyStore.swift */ = {isa = PBXFileReference; lastKnownFileType = sourcecode.swift; path = "Models/VocabularyStore.swift"; sourceTree = "<group>"; };
		F10000000000000000000014 /* SwiftDataModels.swift */ = {isa = PBXFileReference; lastKnownFileType = sourcecode.swift; path = "Models/SwiftDataModels.swift"; sourceTree = "<group>"; };
		F10000000000000000000015 /* ReadingModel.swift */ = {isa = PBXFileReference; lastKnownFileType = sourcecode.swift; path = "Models/ReadingModel.swift"; sourceTree = "<group>"; };
		F10000000000000000000016 /* SpeechSynthesizer.swift */ = {isa = PBXFileReference; lastKnownFileType = sourcecode.swift; path = "Utils/SpeechSynthesizer.swift"; sourceTree = "<group>"; };
		F10000000000000000000017 /* DictionaryLookupService.swift */ = {isa = PBXFileReference; lastKnownFileType = sourcecode.swift; path = "Utils/DictionaryLookupService.swift"; sourceTree = "<group>"; };
		F10000000000000000000018 /* DictionaryDatabase.swift */ = {isa = PBXFileReference; lastKnownFileType = sourcecode.swift; path = "Utils/DictionaryDatabase.swift"; sourceTree = "<group>"; };
		F10000000000000000000019 /* Color+Extensions.swift */ = {isa = PBXFileReference; lastKnownFileType = sourcecode.swift; path = "Utils/Color+Extensions.swift"; sourceTree = "<group>"; };
		F1000000000000000000001A /* DatabaseSeedingService.swift */ = {isa = PBXFileReference; lastKnownFileType = sourcecode.swift; path = "Utils/DatabaseSeedingService.swift"; sourceTree = "<group>"; };
		F1000000000000000000001B /* SM2SpacedRepetition.swift */ = {isa = PBXFileReference; lastKnownFileType = sourcecode.swift; path = "Utils/SM2SpacedRepetition.swift"; sourceTree = "<group>"; };
		F1000000000000000000001C /* DocumentTransferHelper.swift */ = {isa = PBXFileReference; lastKnownFileType = sourcecode.swift; path = "Utils/DocumentTransferHelper.swift"; sourceTree = "<group>"; };
		F1000000000000000000001D /* SpeechRecognizerManager.swift */ = {isa = PBXFileReference; lastKnownFileType = sourcecode.swift; path = "Utils/SpeechRecognizerManager.swift"; sourceTree = "<group>"; };
		R10000000000000000000001 /* words.json */ = {isa = PBXFileReference; lastKnownFileType = text.json; path = "Resources/words.json"; sourceTree = "<group>"; };
		R10000000000000000000002 /* phrases.json */ = {isa = PBXFileReference; lastKnownFileType = text.json; path = "Resources/phrases.json"; sourceTree = "<group>"; };
		R10000000000000000000003 /* tudien.db */ = {isa = PBXFileReference; lastKnownFileType = text.json; path = "Resources/tudien.db"; sourceTree = "<group>"; };
		R10000000000000000000004 /* readings.json */ = {isa = PBXFileReference; lastKnownFileType = text.json; path = "Resources/readings.json"; sourceTree = "<group>"; };
		R10000000000000000000005 /* Assets.xcassets */ = {isa = PBXFileReference; lastKnownFileType = folder.assetcatalog; path = "Resources/Assets.xcassets"; sourceTree = "<group>"; };
/* End PBXFileReference section */

/* Begin PBXFrameworksBuildPhase section */
		F50000000000000000000001 /* Frameworks */ = {
			isa = PBXFrameworksBuildPhase;
			buildActionMask = 2147483647;
			files = (
			);
			runOnlyForDeploymentPostprocessing = 0;
		};
/* End PBXFrameworksBuildPhase section */

/* Begin PBXGroup section */
		F60000000000000000000064 /* Main Group */ = {
			isa = PBXGroup;
			children = (
				F60000000000000000000065 /* HaniVoca */,
				F6000000000000000000006D /* Products */,
			);
			sourceTree = "<group>";
		};
		F60000000000000000000065 /* HaniVoca */ = {
			isa = PBXGroup;
			children = (
				F10000000000000000000001 /* HaniVocaApp.swift */,
				F60000000000000000000066 /* Views */,
				F60000000000000000000067 /* Models */,
				F60000000000000000000068 /* Utils */,
				F60000000000000000000069 /* Resources */,
			);
			path = HaniVoca;
			sourceTree = "<group>";
		};
		F60000000000000000000066 /* Views */ = {
			isa = PBXGroup;
			children = (
				F10000000000000000000002 /* ContentView.swift */,
				F10000000000000000000003 /* MainTabView.swift */,
				F10000000000000000000004 /* SidebarView.swift */,
				F10000000000000000000005 /* TopicListView.swift */,
				F10000000000000000000006 /* WordListView.swift */,
				F10000000000000000000007 /* WordDetailView.swift */,
				F10000000000000000000008 /* CustomWordsView.swift */,
				F10000000000000000000009 /* PhrasesView.swift */,
				F1000000000000000000000A /* FlashcardView.swift */,
				F1000000000000000000000B /* StatisticsView.swift */,
				F1000000000000000000000C /* TestView.swift */,
				F1000000000000000000000D /* DictionaryView.swift */,
				F1000000000000000000000E /* ReadingListView.swift */,
				F1000000000000000000000F /* ReadingDetailView.swift */,
				F10000000000000000000010 /* ReadingQuizView.swift */,
			);
			name = Views;
			sourceTree = "<group>";
		};
		F60000000000000000000067 /* Models */ = {
			isa = PBXGroup;
			children = (
				F10000000000000000000011 /* Word.swift */,
				F10000000000000000000012 /* Phrase.swift */,
				F10000000000000000000013 /* VocabularyStore.swift */,
				F10000000000000000000014 /* SwiftDataModels.swift */,
				F10000000000000000000015 /* ReadingModel.swift */,
			);
			name = Models;
			sourceTree = "<group>";
		};
		F60000000000000000000068 /* Utils */ = {
			isa = PBXGroup;
			children = (
				F10000000000000000000016 /* SpeechSynthesizer.swift */,
				F10000000000000000000017 /* DictionaryLookupService.swift */,
				F10000000000000000000018 /* DictionaryDatabase.swift */,
				F10000000000000000000019 /* Color+Extensions.swift */,
				F1000000000000000000001A /* DatabaseSeedingService.swift */,
				F1000000000000000000001B /* SM2SpacedRepetition.swift */,
				F1000000000000000000001C /* DocumentTransferHelper.swift */,
				F1000000000000000000001D /* SpeechRecognizerManager.swift */,
			);
			name = Utils;
			sourceTree = "<group>";
		};
		F60000000000000000000069 /* Resources */ = {
			isa = PBXGroup;
			children = (
				R10000000000000000000001 /* words.json */,
				R10000000000000000000002 /* phrases.json */,
				R10000000000000000000003 /* tudien.db */,
				R10000000000000000000004 /* readings.json */,
				R10000000000000000000005 /* Assets.xcassets */,
			);
			name = Resources;
			sourceTree = "<group>";
		};
		F6000000000000000000006D /* Products */ = {
			isa = PBXGroup;
			children = (
				P10000000000000000000001 /* HaniVoca.app */,
			);
			name = Products;
			sourceTree = "<group>";
		};
/* End PBXGroup section */

/* Begin PBXNativeTarget section */
		F70000000000000000000001 /* HaniVoca */ = {
			isa = PBXNativeTarget;
			buildConfigurationList = F80000000000000000000001 /* Build configuration list for PBXNativeTarget "HaniVoca" */;
			buildPhases = (
				F30000000000000000000001 /* Sources */,
				F50000000000000000000001 /* Frameworks */,
				F40000000000000000000001 /* Resources */,
			);
			buildRules = (
			);
			dependencies = (
			);
			name = HaniVoca;
			productName = HaniVoca;
			productReference = P10000000000000000000001 /* HaniVoca.app */;
			productType = "com.apple.product-type.application";
		};
/* End PBXNativeTarget section */

/* Begin PBXProject section */
		F90000000000000000000001 /* Project object */ = {
			isa = PBXProject;
			attributes = {
				BuildIndependentTargetsInParallel = 1;
				LastSwiftUpdateCheck = 1400;
				LastUpgradeCheck = 1400;
				TargetAttributes = {
					F70000000000000000000001 = {
						CreatedOnToolsVersion = 14.0;
					};
				};
			};
			buildConfigurationList = F80000000000000000000002 /* Build configuration list for PBXProject "HaniVoca" */;
			compatibilityVersion = "Xcode 14.0";
			developmentRegion = en;
			hasScannedForEncodings = 0;
			knownRegions = (
				en,
				Base,
			);
			mainGroup = F60000000000000000000064 /* Main Group */;
			productRefGroup = F6000000000000000000006D /* Products */;
			projectDirPath = "";
			projectRoot = "";
			targets = (
				F70000000000000000000001 /* HaniVoca */,
			);
		};
/* End PBXProject section */

/* Begin PBXResourcesBuildPhase section */
		F40000000000000000000001 /* Resources */ = {
			isa = PBXResourcesBuildPhase;
			buildActionMask = 2147483647;
			files = (
				R20000000000000000000001 /* words.json in Resources */,
				R20000000000000000000002 /* phrases.json in Resources */,
				R20000000000000000000003 /* tudien.db in Resources */,
				R20000000000000000000004 /* readings.json in Resources */,
				R20000000000000000000005 /* Assets.xcassets in Resources */,
			);
			runOnlyForDeploymentPostprocessing = 0;
		};
/* End PBXResourcesBuildPhase section */

/* Begin PBXSourcesBuildPhase section */
		F30000000000000000000001 /* Sources */ = {
			isa = PBXSourcesBuildPhase;
			buildActionMask = 2147483647;
			files = (
				F20000000000000000000001 /* HaniVocaApp.swift in Sources */,
				F20000000000000000000002 /* ContentView.swift in Sources */,
				F20000000000000000000003 /* MainTabView.swift in Sources */,
				F20000000000000000000004 /* SidebarView.swift in Sources */,
				F20000000000000000000005 /* TopicListView.swift in Sources */,
				F20000000000000000000006 /* WordListView.swift in Sources */,
				F20000000000000000000007 /* WordDetailView.swift in Sources */,
				F20000000000000000000008 /* CustomWordsView.swift in Sources */,
				F20000000000000000000009 /* PhrasesView.swift in Sources */,
				F2000000000000000000000A /* FlashcardView.swift in Sources */,
				F2000000000000000000000B /* StatisticsView.swift in Sources */,
				F2000000000000000000000C /* TestView.swift in Sources */,
				F2000000000000000000000D /* DictionaryView.swift in Sources */,
				F2000000000000000000000E /* ReadingListView.swift in Sources */,
				F2000000000000000000000F /* ReadingDetailView.swift in Sources */,
				F20000000000000000000010 /* ReadingQuizView.swift in Sources */,
				F20000000000000000000011 /* Word.swift in Sources */,
				F20000000000000000000012 /* Phrase.swift in Sources */,
				F20000000000000000000013 /* VocabularyStore.swift in Sources */,
				F20000000000000000000014 /* SwiftDataModels.swift in Sources */,
				F20000000000000000000015 /* ReadingModel.swift in Sources */,
				F20000000000000000000016 /* SpeechSynthesizer.swift in Sources */,
				F20000000000000000000017 /* DictionaryLookupService.swift in Sources */,
				F20000000000000000000018 /* DictionaryDatabase.swift in Sources */,
				F20000000000000000000019 /* Color+Extensions.swift in Sources */,
				F2000000000000000000001A /* DatabaseSeedingService.swift in Sources */,
				F2000000000000000000001B /* SM2SpacedRepetition.swift in Sources */,
				F2000000000000000000001C /* DocumentTransferHelper.swift in Sources */,
				F2000000000000000000001D /* SpeechRecognizerManager.swift in Sources */,
			);
			runOnlyForDeploymentPostprocessing = 0;
		};
/* End PBXSourcesBuildPhase section */

/* Begin XCBuildConfiguration section */
		F8000000000000000000000B /* Debug */ = {
			isa = XCBuildConfiguration;
			buildSettings = {
				ASSETCATALOG_COMPILER_APPICON_NAME = AppIcon;
				ASSETCATALOG_COMPILER_GLOBAL_ACCENT_COLOR_NAME = AccentColor;
				CODE_SIGN_IDENTITY = "-";
				CODE_SIGN_STYLE = Automatic;
				CURRENT_PROJECT_VERSION = 1;
				DEVELOPMENT_ASSET_PATHS = "";
				DEVELOPMENT_TEAM = "";
				ENABLE_PREVIEWS = YES;
				GENERATE_INFOPLIST_FILE = YES;
				INFOPLIST_KEY_CFBundleDisplayName = FluentFlow;
				INFOPLIST_KEY_LSApplicationCategoryType = "public.app-category.education";
				INFOPLIST_KEY_NSMicrophoneUsageDescription = "Ứng dụng cần sử dụng Microphone để ghi âm giọng đọc của bạn.";
				INFOPLIST_KEY_NSSpeechRecognitionUsageDescription = "Ứng dụng cần sử dụng Nhận dạng giọng nói để đánh giá độ chính xác khi đọc từ vựng.";
				INFOPLIST_KEY_UISupportedInterfaceOrientations_iPad = "UIInterfaceOrientationPortrait UIInterfaceOrientationPortraitUpsideDown UIInterfaceOrientationLandscapeLeft UIInterfaceOrientationLandscapeRight";
				INFOPLIST_KEY_UISupportedInterfaceOrientations_iPhone = "UIInterfaceOrientationPortrait UIInterfaceOrientationLandscapeLeft UIInterfaceOrientationLandscapeRight";
				LD_RUNPATH_SEARCH_PATHS = (
					"$(inherited)",
					"@executable_path/Frameworks",
				);
				MARKETING_VERSION = 1.0;
				PRODUCT_BUNDLE_IDENTIFIER = com.fluentflow.FluentFlow;
				OTHER_LDFLAGS = (
					"$(inherited)",
					"-framework",
					"CloudKit",
				);
				PRODUCT_NAME = "$(TARGET_NAME)";
				SUPPORTED_PLATFORMS = "iphoneos iphonesimulator macosx appletvos appletvsimulator watchos watchsimulator";
				SWIFT_EMIT_LOC_STRINGS = YES;
				SWIFT_VERSION = 5.0;
				TARGETED_DEVICE_FAMILY = "1,2,6";
			};
			name = Debug;
		};
		F8000000000000000000000C /* Release */ = {
			isa = XCBuildConfiguration;
			buildSettings = {
				ASSETCATALOG_COMPILER_APPICON_NAME = AppIcon;
				ASSETCATALOG_COMPILER_GLOBAL_ACCENT_COLOR_NAME = AccentColor;
				CODE_SIGN_IDENTITY = "-";
				CODE_SIGN_STYLE = Automatic;
				CURRENT_PROJECT_VERSION = 1;
				DEVELOPMENT_ASSET_PATHS = "";
				DEVELOPMENT_TEAM = "";
				ENABLE_PREVIEWS = YES;
				GENERATE_INFOPLIST_FILE = YES;
				INFOPLIST_KEY_CFBundleDisplayName = FluentFlow;
				INFOPLIST_KEY_LSApplicationCategoryType = "public.app-category.education";
				INFOPLIST_KEY_NSMicrophoneUsageDescription = "Ứng dụng cần sử dụng Microphone để ghi âm giọng đọc của bạn.";
				INFOPLIST_KEY_NSSpeechRecognitionUsageDescription = "Ứng dụng cần sử dụng Nhận dạng giọng nói để đánh giá độ chính xác khi đọc từ vựng.";
				INFOPLIST_KEY_UISupportedInterfaceOrientations_iPad = "UIInterfaceOrientationPortrait UIInterfaceOrientationPortraitUpsideDown UIInterfaceOrientationLandscapeLeft UIInterfaceOrientationLandscapeRight";
				INFOPLIST_KEY_UISupportedInterfaceOrientations_iPhone = "UIInterfaceOrientationPortrait UIInterfaceOrientationLandscapeLeft UIInterfaceOrientationLandscapeRight";
				LD_RUNPATH_SEARCH_PATHS = (
					"$(inherited)",
					"@executable_path/Frameworks",
				);
				MARKETING_VERSION = 1.0;
				PRODUCT_BUNDLE_IDENTIFIER = com.fluentflow.FluentFlow;
				OTHER_LDFLAGS = (
					"$(inherited)",
					"-framework",
					"CloudKit",
				);
				PRODUCT_NAME = "$(TARGET_NAME)";
				SUPPORTED_PLATFORMS = "iphoneos iphonesimulator macosx appletvos appletvsimulator watchos watchsimulator";
				SWIFT_EMIT_LOC_STRINGS = YES;
				SWIFT_VERSION = 5.0;
				TARGETED_DEVICE_FAMILY = "1,2,6";
			};
			name = Release;
		};
		F80000000000000000000015 /* Debug */ = {
			isa = XCBuildConfiguration;
			buildSettings = {
				ALWAYS_SEARCH_USER_PATHS = NO;
				CLANG_ANALYZER_NONNULL = YES;
				CLANG_ANALYZER_NUMBER_OBJECT_CONVERSION = YES_AGGRESSIVE;
				CLANG_CXX_LANGUAGE_STANDARD = "gnu++20";
				CLANG_CXX_LIBRARY = "libc++";
				CLANG_ENABLE_MODULES = YES;
				CLANG_ENABLE_OBJC_ARC = YES;
				CLANG_ENABLE_OBJC_WEAK = YES;
				CLANG_WARN_BLOCK_CAPTURE_AUTORELEASING = YES;
				CLANG_WARN_BOOL_CONVERSION = YES;
				CLANG_WARN_COMMA = YES;
				CLANG_WARN_CONSTANT_CONVERSION = YES;
				CLANG_WARN_DEPRECATED_OBJC_IMPLEMENTATIONS = YES;
				CLANG_WARN_DIRECT_OBJC_REPRODUCER = YES;
				CLANG_WARN_DOCUMENTATION_COMMENTS = YES;
				CLANG_WARN_EMPTY_BODY = YES;
				CLANG_WARN_ENUM_CONVERSION = YES;
				CLANG_WARN_INFINITE_RECURSION = YES;
				CLANG_WARN_INT_CONVERSION = YES;
				CLANG_WARN_NON_LITERAL_NULL_CONVERSION = YES;
				CLANG_WARN_OBJC_IMPLICIT_RETAIN_SELF = YES;
				CLANG_WARN_OBJC_LITERAL_CONVERSION = YES;
				CLANG_WARN_OBJC_ROOT_CLASS = YES_ERROR;
				CLANG_WARN_QUOTED_INCLUDE_IN_FRAMEWORK_HEADER = YES;
				CLANG_WARN_RANGE_LOOP_ANALYSIS = YES;
				CLANG_WARN_STRICT_PROTOTYPES = YES;
				CLANG_WARN_SUSPICIOUS_MOVE = YES;
				CLANG_WARN_UNGUARDED_AVAILABILITY = YES_AGGRESSIVE;
				CLANG_WARN_UNREACHABLE_CODE = YES;
				CLANG_WARN__DUPLICATE_METHOD_MATCH = YES;
				COPY_PHASE_STRIP = NO;
				DEBUG_INFORMATION_FORMAT = dwarf;
				ENABLE_STRICT_OBJC_MSGSEND = YES;
				ENABLE_TESTABILITY = YES;
				GCC_C_LANGUAGE_STANDARD = gnu11;
				GCC_DYNAMIC_NO_PIC = NO;
				GCC_NO_COMMON_BLOCKS = YES;
				GCC_OPTIMIZATION_LEVEL = 0;
				GCC_PREPROCESSOR_DEFINITIONS = (
					"DEBUG=1",
					"$(inherited)",
				);
				GCC_WARN_64_TO_32_BIT_CONVERSION = YES;
				GCC_WARN_ABOUT_RETURN_TYPE = YES_ERROR;
				GCC_WARN_UNDECLARED_SELECTOR = YES;
				GCC_WARN_UNINITIALIZED_ACTUAL = YES_AGGRESSIVE;
				GCC_WARN_UNUSED_FUNCTION = YES;
				GCC_WARN_UNUSED_VARIABLE = YES;
				IPHONEOS_DEPLOYMENT_TARGET = 17.0;
				MACOSX_DEPLOYMENT_TARGET = 14.0;
				MTL_ENABLE_DEBUG_INFO = INCLUDE_SOURCE;
				MTL_FAST_MATH = YES;
				ONLY_ACTIVE_ARCH = YES;
				SDKROOT = iphoneos;
				SWIFT_ACTIVE_COMPILATION_CONDITIONS = DEBUG;
				SWIFT_OPTIMIZATION_LEVEL = "-Onone";
			};
			name = Debug;
		};
		F80000000000000000000016 /* Release */ = {
			isa = XCBuildConfiguration;
			buildSettings = {
				ALWAYS_SEARCH_USER_PATHS = NO;
				CLANG_ANALYZER_NONNULL = YES;
				CLANG_ANALYZER_NUMBER_OBJECT_CONVERSION = YES_AGGRESSIVE;
				CLANG_CXX_LANGUAGE_STANDARD = "gnu++20";
				CLANG_CXX_LIBRARY = "libc++";
				CLANG_ENABLE_MODULES = YES;
				CLANG_ENABLE_OBJC_ARC = YES;
				CLANG_ENABLE_OBJC_WEAK = YES;
				CLANG_WARN_BLOCK_CAPTURE_AUTORELEASING = YES;
				CLANG_WARN_BOOL_CONVERSION = YES;
				CLANG_WARN_COMMA = YES;
				CLANG_WARN_CONSTANT_CONVERSION = YES;
				CLANG_WARN_DEPRECATED_OBJC_IMPLEMENTATIONS = YES;
				CLANG_WARN_DIRECT_OBJC_REPRODUCER = YES;
				CLANG_WARN_DOCUMENTATION_COMMENTS = YES;
				CLANG_WARN_EMPTY_BODY = YES;
				CLANG_WARN_ENUM_CONVERSION = YES;
				CLANG_WARN_INFINITE_RECURSION = YES;
				CLANG_WARN_INT_CONVERSION = YES;
				CLANG_WARN_NON_LITERAL_NULL_CONVERSION = YES;
				CLANG_WARN_OBJC_IMPLICIT_RETAIN_SELF = YES;
				CLANG_WARN_OBJC_LITERAL_CONVERSION = YES;
				CLANG_WARN_OBJC_ROOT_CLASS = YES_ERROR;
				CLANG_WARN_QUOTED_INCLUDE_IN_FRAMEWORK_HEADER = YES;
				CLANG_WARN_RANGE_LOOP_ANALYSIS = YES;
				CLANG_WARN_STRICT_PROTOTYPES = YES;
				CLANG_WARN_SUSPICIOUS_MOVE = YES;
				CLANG_WARN_UNGUARDED_AVAILABILITY = YES_AGGRESSIVE;
				CLANG_WARN_UNREACHABLE_CODE = YES;
				CLANG_WARN__DUPLICATE_METHOD_MATCH = YES;
				COPY_PHASE_STRIP = NO;
				DEBUG_INFORMATION_FORMAT = "dwarf-with-dsym";
				ENABLE_NS_ASSERTIONS = NO;
				ENABLE_STRICT_OBJC_MSGSEND = YES;
				GCC_C_LANGUAGE_STANDARD = gnu11;
				GCC_NO_COMMON_BLOCKS = YES;
				GCC_WARN_64_TO_32_BIT_CONVERSION = YES;
				GCC_WARN_ABOUT_RETURN_TYPE = YES_ERROR;
				GCC_WARN_UNDECLARED_SELECTOR = YES;
				GCC_WARN_UNINITIALIZED_ACTUAL = YES_AGGRESSIVE;
				GCC_WARN_UNUSED_FUNCTION = YES;
				GCC_WARN_UNUSED_VARIABLE = YES;
				IPHONEOS_DEPLOYMENT_TARGET = 17.0;
				MACOSX_DEPLOYMENT_TARGET = 14.0;
				MTL_ENABLE_DEBUG_INFO = NO;
				MTL_FAST_MATH = YES;
				SDKROOT = iphoneos;
				SWIFT_COMPILATION_MODE = wholemodule;
				SWIFT_OPTIMIZATION_LEVEL = "-O";
			};
			name = Release;
		};
/* End XCBuildConfiguration section */

/* Begin XCConfigurationList section */
		F80000000000000000000001 /* Build configuration list for PBXNativeTarget "HaniVoca" */ = {
			isa = XCConfigurationList;
			buildConfigurations = (
				F8000000000000000000000B /* Debug */,
				F8000000000000000000000C /* Release */,
			);
			defaultConfigurationIsVisible = 0;
			defaultConfigurationName = Release;
		};
		F80000000000000000000002 /* Build configuration list for PBXProject "HaniVoca" */ = {
			isa = XCConfigurationList;
			buildConfigurations = (
				F80000000000000000000015 /* Debug */,
				F80000000000000000000016 /* Release */,
			);
			defaultConfigurationIsVisible = 0;
			defaultConfigurationName = Release;
		};
/* End XCConfigurationList section */
	};
	rootObject = F90000000000000000000001 /* Project object */;
}
